
Microsoft Visual Studio Solution File, Format Version 12.00
# Visual Studio Version 17
VisualStudioVersion = 17.5.002.0
MinimumVisualStudioVersion = 10.0.40219.1
Project("{9A19103F-16F7-4668-BE54-9A1E7A4F7556}") = "klasser2", "klasser2.csproj", "{BCE3EFA9-B40D-4C59-BAA2-3E359A68BD06}"
EndProject
Global
	GlobalSection(SolutionConfigurationPlatforms) = preSolution
		Debug|Any CPU = Debug|Any CPU
		Release|Any CPU = Release|Any CPU
	EndGlobalSection
	GlobalSection(ProjectConfigurationPlatforms) = postSolution
		{BCE3EFA9-B40D-4C59-BAA2-3E359A68BD06}.Debug|Any CPU.ActiveCfg = Debug|Any CPU
		{BCE3EFA9-B40D-4C59-BAA2-3E359A68BD06}.Debug|Any CPU.Build.0 = Debug|Any CPU
		{BCE3EFA9-B40D-4C59-BAA2-3E359A68BD06}.Release|Any CPU.ActiveCfg = Release|Any CPU
		{BCE3EFA9-B40D-4C59-BAA2-3E359A68BD06}.Release|Any CPU.Build.0 = Release|Any CPU
	EndGlobalSection
	GlobalSection(SolutionProperties) = preSolution
		HideSolutionNode = FALSE
	EndGlobalSection
	GlobalSection(ExtensibilityGlobals) = postSolution
		SolutionGuid = {7E823FA5-584E-49F0-AA5A-C3461DE59020}
	EndGlobalSection
EndGlobal
